
Microsoft Visual Studio Solution File, Format Version 12.00
Project("{FAE04EC0-301F-11D3-BF4B-00C04F79EFBC}") = "Intro", "Intro\Intro.csproj", "{70EACA2F-437E-4A31-BD3A-9BE0D7B56C1D}"
EndProject
Project("{FAE04EC0-301F-11D3-BF4B-00C04F79EFBC}") = "Simple_Crafting", "Simple_Crafting\Simple_Crafting.csproj", "{640971FE-6CFD-41FD-BBF0-D939AB3C33A8}"
EndProject
Global
	GlobalSection(SolutionConfigurationPlatforms) = preSolution
		Debug|Any CPU = Debug|Any CPU
		Release|Any CPU = Release|Any CPU
	EndGlobalSection
	GlobalSection(ProjectConfigurationPlatforms) = postSolution
		{70EACA2F-437E-4A31-BD3A-9BE0D7B56C1D}.Debug|Any CPU.ActiveCfg = Debug|Any CPU
		{70EACA2F-437E-4A31-BD3A-9BE0D7B56C1D}.Debug|Any CPU.Build.0 = Debug|Any CPU
		{70EACA2F-437E-4A31-BD3A-9BE0D7B56C1D}.Release|Any CPU.ActiveCfg = Release|Any CPU
		{70EACA2F-437E-4A31-BD3A-9BE0D7B56C1D}.Release|Any CPU.Build.0 = Release|Any CPU
		{640971FE-6CFD-41FD-BBF0-D939AB3C33A8}.Debug|Any CPU.ActiveCfg = Debug|Any CPU
		{640971FE-6CFD-41FD-BBF0-D939AB3C33A8}.Debug|Any CPU.Build.0 = Debug|Any CPU
		{640971FE-6CFD-41FD-BBF0-D939AB3C33A8}.Release|Any CPU.ActiveCfg = Release|Any CPU
		{640971FE-6CFD-41FD-BBF0-D939AB3C33A8}.Release|Any CPU.Build.0 = Release|Any CPU
	EndGlobalSection
EndGlobal
